<Solution>
  <Folder Name="/build/">
    <File Path=".editorconfig" />
    <File Path="CLAUDE.md" />
    <File Path="Directory.Packages.props" />
  </Folder>
  <Folder Name="/core/">
    <Project Path="src/NSchema/NSchema.csproj" />
    <Project Path="tests/NSchema.Tests/NSchema.Tests.csproj" />
  </Folder>
</Solution>
